
Microsoft Visual Studio Solution File, Format Version 12.00
# Visual Studio 14
VisualStudioVersion = 14.0.24720.0
MinimumVisualStudioVersion = 10.0.40219.1
Project("{FAE04EC0-301F-11D3-BF4B-00C04F79EFBC}") = "HC12COMPILER", "HC12COMPILER\HC12COMPILER.csproj", "{1CF6B02C-DB4D-4F1F-AC2C-7936F7C4566C}"
EndProject
Global
	GlobalSection(SolutionConfigurationPlatforms) = preSolution
		Debug|Any CPU = Debug|Any CPU
		Release|Any CPU = Release|Any CPU
	EndGlobalSection
	GlobalSection(ProjectConfigurationPlatforms) = postSolution
		{1CF6B02C-DB4D-4F1F-AC2C-7936F7C4566C}.Debug|Any CPU.ActiveCfg = Debug|Any CPU
		{1CF6B02C-DB4D-4F1F-AC2C-7936F7C4566C}.Debug|Any CPU.Build.0 = Debug|Any CPU
		{1CF6B02C-DB4D-4F1F-AC2C-7936F7C4566C}.Release|Any CPU.ActiveCfg = Release|Any CPU
		{1CF6B02C-DB4D-4F1F-AC2C-7936F7C4566C}.Release|Any CPU.Build.0 = Release|Any CPU
	EndGlobalSection
	GlobalSection(SolutionProperties) = preSolution
		HideSolutionNode = FALSE
	EndGlobalSection
EndGlobal
